
Microsoft Visual Studio Solution File, Format Version 12.00
# Visual Studio Version 17
VisualStudioVersion = 17.0.32112.339
MinimumVisualStudioVersion = 10.0.40219.1
Project("{FAE04EC0-301F-11D3-BF4B-00C04F79EFBC}") = "Tugas Pendahuluan Mod 2", "Tugas Pendahuluan Mod 2.csproj", "{3FAAF273-F0E7-4B69-9A25-40FAC3566AAE}"
EndProject
Global
	GlobalSection(SolutionConfigurationPlatforms) = preSolution
		Debug|Any CPU = Debug|Any CPU
		Release|Any CPU = Release|Any CPU
	EndGlobalSection
	GlobalSection(ProjectConfigurationPlatforms) = postSolution
		{3FAAF273-F0E7-4B69-9A25-40FAC3566AAE}.Debug|Any CPU.ActiveCfg = Debug|Any CPU
		{3FAAF273-F0E7-4B69-9A25-40FAC3566AAE}.Debug|Any CPU.Build.0 = Debug|Any CPU
		{3FAAF273-F0E7-4B69-9A25-40FAC3566AAE}.Release|Any CPU.ActiveCfg = Release|Any CPU
		{3FAAF273-F0E7-4B69-9A25-40FAC3566AAE}.Release|Any CPU.Build.0 = Release|Any CPU
	EndGlobalSection
	GlobalSection(SolutionProperties) = preSolution
		HideSolutionNode = FALSE
	EndGlobalSection
	GlobalSection(ExtensibilityGlobals) = postSolution
		SolutionGuid = {C6EBB210-4F04-4615-9963-4BAC246DD31C}
	EndGlobalSection
EndGlobal
